
Microsoft Visual Studio Solution File, Format Version 12.00
# Visual Studio Version 17
VisualStudioVersion = 17.7.34202.233
MinimumVisualStudioVersion = 10.0.40219.1
Project("{9A19103F-16F7-4668-BE54-9A1E7A4F7556}") = "C#Learning", "C#Learning.csproj", "{2F1C33C7-BF8D-4B14-A7FE-F580456AF561}"
EndProject
Project("{9A19103F-16F7-4668-BE54-9A1E7A4F7556}") = "01_IO", "..\01_IO\01_IO.csproj", "{E008D734-A802-4F2C-8F96-42609F97E092}"
EndProject
Project("{9A19103F-16F7-4668-BE54-9A1E7A4F7556}") = "02_Random", "..\02_Random\02_Random.csproj", "{50FE0B62-72AA-4FB2-B309-F624197F8AA9}"
EndProject
Project("{9A19103F-16F7-4668-BE54-9A1E7A4F7556}") = "03_Game", "..\03_Game\03_Game.csproj", "{9481565A-BCB5-4C05-87C1-137CB6E197D6}"
EndProject
Project("{9A19103F-16F7-4668-BE54-9A1E7A4F7556}") = "04_FlyingChessGame", "..\04_FlyingChessGame\04_FlyingChessGame.csproj", "{99A76579-EAA0-4CDA-B7EE-CD3BBA4986EF}"
EndProject
Project("{FAE04EC0-301F-11D3-BF4B-00C04F79EFBC}") = "05_OperatorReload", "..\05_OperatorReload\05_OperatorReload.csproj", "{4C656032-FB3D-456A-9219-F061CBF131B4}"
EndProject
Global
	GlobalSection(SolutionConfigurationPlatforms) = preSolution
		Debug|Any CPU = Debug|Any CPU
		Release|Any CPU = Release|Any CPU
	EndGlobalSection
	GlobalSection(ProjectConfigurationPlatforms) = postSolution
		{2F1C33C7-BF8D-4B14-A7FE-F580456AF561}.Debug|Any CPU.ActiveCfg = Debug|Any CPU
		{2F1C33C7-BF8D-4B14-A7FE-F580456AF561}.Debug|Any CPU.Build.0 = Debug|Any CPU
		{2F1C33C7-BF8D-4B14-A7FE-F580456AF561}.Release|Any CPU.ActiveCfg = Release|Any CPU
		{2F1C33C7-BF8D-4B14-A7FE-F580456AF561}.Release|Any CPU.Build.0 = Release|Any CPU
		{E008D734-A802-4F2C-8F96-42609F97E092}.Debug|Any CPU.ActiveCfg = Debug|Any CPU
		{E008D734-A802-4F2C-8F96-42609F97E092}.Debug|Any CPU.Build.0 = Debug|Any CPU
		{E008D734-A802-4F2C-8F96-42609F97E092}.Release|Any CPU.ActiveCfg = Release|Any CPU
		{E008D734-A802-4F2C-8F96-42609F97E092}.Release|Any CPU.Build.0 = Release|Any CPU
		{50FE0B62-72AA-4FB2-B309-F624197F8AA9}.Debug|Any CPU.ActiveCfg = Debug|Any CPU
		{50FE0B62-72AA-4FB2-B309-F624197F8AA9}.Debug|Any CPU.Build.0 = Debug|Any CPU
		{50FE0B62-72AA-4FB2-B309-F624197F8AA9}.Release|Any CPU.ActiveCfg = Release|Any CPU
		{50FE0B62-72AA-4FB2-B309-F624197F8AA9}.Release|Any CPU.Build.0 = Release|Any CPU
		{9481565A-BCB5-4C05-87C1-137CB6E197D6}.Debug|Any CPU.ActiveCfg = Debug|Any CPU
		{9481565A-BCB5-4C05-87C1-137CB6E197D6}.Debug|Any CPU.Build.0 = Debug|Any CPU
		{9481565A-BCB5-4C05-87C1-137CB6E197D6}.Release|Any CPU.ActiveCfg = Release|Any CPU
		{9481565A-BCB5-4C05-87C1-137CB6E197D6}.Release|Any CPU.Build.0 = Release|Any CPU
		{99A76579-EAA0-4CDA-B7EE-CD3BBA4986EF}.Debug|Any CPU.ActiveCfg = Debug|Any CPU
		{99A76579-EAA0-4CDA-B7EE-CD3BBA4986EF}.Debug|Any CPU.Build.0 = Debug|Any CPU
		{99A76579-EAA0-4CDA-B7EE-CD3BBA4986EF}.Release|Any CPU.ActiveCfg = Release|Any CPU
		{99A76579-EAA0-4CDA-B7EE-CD3BBA4986EF}.Release|Any CPU.Build.0 = Release|Any CPU
		{4C656032-FB3D-456A-9219-F061CBF131B4}.Debug|Any CPU.ActiveCfg = Debug|Any CPU
		{4C656032-FB3D-456A-9219-F061CBF131B4}.Debug|Any CPU.Build.0 = Debug|Any CPU
		{4C656032-FB3D-456A-9219-F061CBF131B4}.Release|Any CPU.ActiveCfg = Release|Any CPU
		{4C656032-FB3D-456A-9219-F061CBF131B4}.Release|Any CPU.Build.0 = Release|Any CPU
	EndGlobalSection
	GlobalSection(SolutionProperties) = preSolution
		HideSolutionNode = FALSE
	EndGlobalSection
	GlobalSection(ExtensibilityGlobals) = postSolution
		SolutionGuid = {43D5BFDA-C24B-4C5C-B625-CF50B5647614}
	EndGlobalSection
EndGlobal
