
Microsoft Visual Studio Solution File, Format Version 12.00
# Visual Studio Version 17
VisualStudioVersion = 17.7.34202.233
MinimumVisualStudioVersion = 10.0.40219.1
Project("{FAE04EC0-301F-11D3-BF4B-00C04F79EFBC}") = "C#Learning", "C#Learning.csproj", "{2F1C33C7-BF8D-4B14-A7FE-F580456AF561}"
EndProject
Project("{FAE04EC0-301F-11D3-BF4B-00C04F79EFBC}") = "01_IO", "..\01_IO\01_IO.csproj", "{E008D734-A802-4F2C-8F96-42609F97E092}"
EndProject
Global
	GlobalSection(SolutionConfigurationPlatforms) = preSolution
		Debug|Any CPU = Debug|Any CPU
		Release|Any CPU = Release|Any CPU
	EndGlobalSection
	GlobalSection(ProjectConfigurationPlatforms) = postSolution
		{2F1C33C7-BF8D-4B14-A7FE-F580456AF561}.Debug|Any CPU.ActiveCfg = Debug|Any CPU
		{2F1C33C7-BF8D-4B14-A7FE-F580456AF561}.Debug|Any CPU.Build.0 = Debug|Any CPU
		{2F1C33C7-BF8D-4B14-A7FE-F580456AF561}.Release|Any CPU.ActiveCfg = Release|Any CPU
		{2F1C33C7-BF8D-4B14-A7FE-F580456AF561}.Release|Any CPU.Build.0 = Release|Any CPU
		{E008D734-A802-4F2C-8F96-42609F97E092}.Debug|Any CPU.ActiveCfg = Debug|Any CPU
		{E008D734-A802-4F2C-8F96-42609F97E092}.Debug|Any CPU.Build.0 = Debug|Any CPU
		{E008D734-A802-4F2C-8F96-42609F97E092}.Release|Any CPU.ActiveCfg = Release|Any CPU
		{E008D734-A802-4F2C-8F96-42609F97E092}.Release|Any CPU.Build.0 = Release|Any CPU
	EndGlobalSection
	GlobalSection(SolutionProperties) = preSolution
		HideSolutionNode = FALSE
	EndGlobalSection
	GlobalSection(ExtensibilityGlobals) = postSolution
		SolutionGuid = {43D5BFDA-C24B-4C5C-B625-CF50B5647614}
	EndGlobalSection
EndGlobal
